
Microsoft Visual Studio Solution File, Format Version 12.00
# Visual Studio 2012
Project("{FAE04EC0-301F-11D3-BF4B-00C04F79EFBC}") = "Project1", "Project1\Project1.csproj", "{0971CE6B-BE8F-4E68-905E-F7665085FD12}"
EndProject
Global
	GlobalSection(SolutionConfigurationPlatforms) = preSolution
		Debug|iPhoneSimulator = Debug|iPhoneSimulator
		Release|iPhone = Release|iPhone
		Release|iPhoneSimulator = Release|iPhoneSimulator
		Debug|iPhone = Debug|iPhone
	EndGlobalSection
	GlobalSection(ProjectConfigurationPlatforms) = postSolution
		{0971CE6B-BE8F-4E68-905E-F7665085FD12}.Debug|iPhoneSimulator.ActiveCfg = Debug|iPhoneSimulator
		{0971CE6B-BE8F-4E68-905E-F7665085FD12}.Debug|iPhoneSimulator.Build.0 = Debug|iPhoneSimulator
		{0971CE6B-BE8F-4E68-905E-F7665085FD12}.Release|iPhone.ActiveCfg = Release|iPhone
		{0971CE6B-BE8F-4E68-905E-F7665085FD12}.Release|iPhone.Build.0 = Release|iPhone
		{0971CE6B-BE8F-4E68-905E-F7665085FD12}.Release|iPhoneSimulator.ActiveCfg = Release|iPhoneSimulator
		{0971CE6B-BE8F-4E68-905E-F7665085FD12}.Release|iPhoneSimulator.Build.0 = Release|iPhoneSimulator
		{0971CE6B-BE8F-4E68-905E-F7665085FD12}.Debug|iPhone.ActiveCfg = Debug|iPhone
		{0971CE6B-BE8F-4E68-905E-F7665085FD12}.Debug|iPhone.Build.0 = Debug|iPhone
	EndGlobalSection
EndGlobal
